Microsoft Visual Studio Solution File, Format Version 11.00
# Visual Studio 2019

Project("{8BC9CEB8-8B4A-11D0-8D11-00A0C91BC942}") = "Additive Synth - Standalone Plugin", "Additive Synth_StandalonePlugin.vcxproj", "{3895EF6C-4E8E-E580-142A-2DD456F26818}"
	ProjectSection(ProjectDependencies) = postProject
		{6BC3627A-1E30-57EC-E9D5-C0C5C9EDD03C} = {6BC3627A-1E30-57EC-E9D5-C0C5C9EDD03C}
	EndProjectSection
EndProject
Project("{8BC9CEB8-8B4A-11D0-8D11-00A0C91BC942}") = "Additive Synth - VST", "Additive Synth_VST.vcxproj", "{78A7A336-85A0-0580-A370-C09615247F2D}"
	ProjectSection(ProjectDependencies) = postProject
		{6BC3627A-1E30-57EC-E9D5-C0C5C9EDD03C} = {6BC3627A-1E30-57EC-E9D5-C0C5C9EDD03C}
	EndProjectSection
EndProject
Project("{8BC9CEB8-8B4A-11D0-8D11-00A0C91BC942}") = "Additive Synth - VST3", "Additive Synth_VST3.vcxproj", "{BC852E2A-B9AD-C639-22FD-AB1AA29093F3}"
	ProjectSection(ProjectDependencies) = postProject
		{6BC3627A-1E30-57EC-E9D5-C0C5C9EDD03C} = {6BC3627A-1E30-57EC-E9D5-C0C5C9EDD03C}
	EndProjectSection
EndProject
Project("{8BC9CEB8-8B4A-11D0-8D11-00A0C91BC942}") = "Additive Synth - Shared Code", "Additive Synth_SharedCode.vcxproj", "{6BC3627A-1E30-57EC-E9D5-C0C5C9EDD03C}"
EndProject
Global
	GlobalSection(SolutionConfigurationPlatforms) = preSolution
		Debug|x64 = Debug|x64
		Release|x64 = Release|x64
	EndGlobalSection
	GlobalSection(ProjectConfigurationPlatforms) = postSolution
		{78A7A336-85A0-0580-A370-C09615247F2D}.Debug|x64.ActiveCfg = Debug|x64
		{78A7A336-85A0-0580-A370-C09615247F2D}.Debug|x64.Build.0 = Debug|x64
		{78A7A336-85A0-0580-A370-C09615247F2D}.Release|x64.ActiveCfg = Release|x64
		{78A7A336-85A0-0580-A370-C09615247F2D}.Release|x64.Build.0 = Release|x64
		{BC852E2A-B9AD-C639-22FD-AB1AA29093F3}.Debug|x64.ActiveCfg = Debug|x64
		{BC852E2A-B9AD-C639-22FD-AB1AA29093F3}.Debug|x64.Build.0 = Debug|x64
		{BC852E2A-B9AD-C639-22FD-AB1AA29093F3}.Release|x64.ActiveCfg = Release|x64
		{BC852E2A-B9AD-C639-22FD-AB1AA29093F3}.Release|x64.Build.0 = Release|x64
		{3895EF6C-4E8E-E580-142A-2DD456F26818}.Debug|x64.ActiveCfg = Debug|x64
		{3895EF6C-4E8E-E580-142A-2DD456F26818}.Debug|x64.Build.0 = Debug|x64
		{3895EF6C-4E8E-E580-142A-2DD456F26818}.Release|x64.ActiveCfg = Release|x64
		{3895EF6C-4E8E-E580-142A-2DD456F26818}.Release|x64.Build.0 = Release|x64
		{6BC3627A-1E30-57EC-E9D5-C0C5C9EDD03C}.Debug|x64.ActiveCfg = Debug|x64
		{6BC3627A-1E30-57EC-E9D5-C0C5C9EDD03C}.Debug|x64.Build.0 = Debug|x64
		{6BC3627A-1E30-57EC-E9D5-C0C5C9EDD03C}.Release|x64.ActiveCfg = Release|x64
		{6BC3627A-1E30-57EC-E9D5-C0C5C9EDD03C}.Release|x64.Build.0 = Release|x64
	EndGlobalSection
	GlobalSection(SolutionProperties) = preSolution
		HideSolutionNode = FALSE
	EndGlobalSection
EndGlobal
